{
  "name": "torl",
  "version": "1.0.0",
  "lockfileVersion": 3,
  "requires": true,
  "packages": {
    "": {
      "name": "torl",
      "version": "1.0.0",
      "hasInstallScript": true,
      "license": "MIT",
      "dependencies": {
        "bencode": "^4.0.1"
      },
      "bin": {
        "torl": "index.js",
        "torl-tui": "bin/torl-tui.js"
      },
      "engines": {
        "node": ">=20.0.0"
      }
    },
    "node_modules/bencode": {
      "version": "4.0.1",
      "resolved": "https://registry.npmjs.org/bencode/-/bencode-4.0.1.tgz",
      "integrity": "sha512-/bCR3FvgfB8AZk4LlowShU+nfaTNRM2vruJ9aejDa5LpgkCoRjFyEauFiZFxbpxVxQbBFapYCN42Er2dkE/Qgw==",
      "license": "MIT",
      "dependencies": {
        "uint8-util": "^2.2.2"
      },
      "engines": {
        "node": ">=12.20.0"
      }
    },
    "node_modules/uint8-util": {
      "version": "2.3.2",
      "resolved": "https://registry.npmjs.org/uint8-util/-/uint8-util-2.3.2.tgz",
      "integrity": "sha512-u1c0/eiT1IW+c5+ogbmE2Fu2hmtJQPkuzDmXD/4crMU4FPMjkTkFnjJ2NN/9AsZ9YWcc7yE869uc3WB8wIZEEA==",
      "license": "MIT"
    }
  }
}
